
Microsoft Visual Studio Solution File, Format Version 12.00
# Visual Studio 15
VisualStudioVersion = 15.0.27703.2026
MinimumVisualStudioVersion = 10.0.40219.1
Project("{888888A0-9F3D-457C-B088-3A5042F75D52}") = "hua", "hua.pyproj", "{0F161F65-ABBB-4E44-92E1-A12EB51F748E}"
EndProject
Global
	GlobalSection(SolutionConfigurationPlatforms) = preSolution
		Debug|Any CPU = Debug|Any CPU
		Release|Any CPU = Release|Any CPU
	EndGlobalSection
	GlobalSection(ProjectConfigurationPlatforms) = postSolution
		{0F161F65-ABBB-4E44-92E1-A12EB51F748E}.Debug|Any CPU.ActiveCfg = Debug|Any CPU
		{0F161F65-ABBB-4E44-92E1-A12EB51F748E}.Debug|Any CPU.Build.0 = Debug|Any CPU
		{0F161F65-ABBB-4E44-92E1-A12EB51F748E}.Release|Any CPU.ActiveCfg = Release|Any CPU
		{0F161F65-ABBB-4E44-92E1-A12EB51F748E}.Release|Any CPU.Build.0 = Release|Any CPU
	EndGlobalSection
	GlobalSection(SolutionProperties) = preSolution
		HideSolutionNode = FALSE
	EndGlobalSection
	GlobalSection(ExtensibilityGlobals) = postSolution
		SolutionGuid = {4098E5BA-F45E-488D-B799-823E238B2F1D}
	EndGlobalSection
EndGlobal
